
Microsoft Visual Studio Solution File, Format Version 12.00
# Visual Studio 15
VisualStudioVersion = 15.0.27703.2000
MinimumVisualStudioVersion = 10.0.40219.1
Project("{FAE04EC0-301F-11D3-BF4B-00C04F79EFBC}") = "Cours", "Cours\Cours.csproj", "{A13CDB66-FD88-463C-9A95-4667EAE8E8C4}"
EndProject
Global
	GlobalSection(SolutionConfigurationPlatforms) = preSolution
		Debug|Any CPU = Debug|Any CPU
		Release|Any CPU = Release|Any CPU
	EndGlobalSection
	GlobalSection(ProjectConfigurationPlatforms) = postSolution
		{A13CDB66-FD88-463C-9A95-4667EAE8E8C4}.Debug|Any CPU.ActiveCfg = Debug|Any CPU
		{A13CDB66-FD88-463C-9A95-4667EAE8E8C4}.Debug|Any CPU.Build.0 = Debug|Any CPU
		{A13CDB66-FD88-463C-9A95-4667EAE8E8C4}.Release|Any CPU.ActiveCfg = Release|Any CPU
		{A13CDB66-FD88-463C-9A95-4667EAE8E8C4}.Release|Any CPU.Build.0 = Release|Any CPU
	EndGlobalSection
	GlobalSection(SolutionProperties) = preSolution
		HideSolutionNode = FALSE
	EndGlobalSection
	GlobalSection(ExtensibilityGlobals) = postSolution
		SolutionGuid = {2845C0F2-AB02-4212-8F73-7AA746E071AC}
	EndGlobalSection
EndGlobal
